
Microsoft Visual Studio Solution File, Format Version 12.00
# Visual Studio Version 16
VisualStudioVersion = 16.0.31410.357
MinimumVisualStudioVersion = 10.0.40219.1
Project("{FAE04EC0-301F-11D3-BF4B-00C04F79EFBC}") = "Famis_Tool", "Famis_Tool\Famis_Tool.csproj", "{5CC26EFF-443F-4627-8416-9B9AC36220FD}"
EndProject
Global
	GlobalSection(SolutionConfigurationPlatforms) = preSolution
		Debug|Any CPU = Debug|Any CPU
		Release|Any CPU = Release|Any CPU
	EndGlobalSection
	GlobalSection(ProjectConfigurationPlatforms) = postSolution
		{5CC26EFF-443F-4627-8416-9B9AC36220FD}.Debug|Any CPU.ActiveCfg = Debug|Any CPU
		{5CC26EFF-443F-4627-8416-9B9AC36220FD}.Debug|Any CPU.Build.0 = Debug|Any CPU
		{5CC26EFF-443F-4627-8416-9B9AC36220FD}.Release|Any CPU.ActiveCfg = Release|Any CPU
		{5CC26EFF-443F-4627-8416-9B9AC36220FD}.Release|Any CPU.Build.0 = Release|Any CPU
	EndGlobalSection
	GlobalSection(SolutionProperties) = preSolution
		HideSolutionNode = FALSE
	EndGlobalSection
	GlobalSection(ExtensibilityGlobals) = postSolution
		SolutionGuid = {3A388FC8-7531-4452-911A-67054A469EC9}
	EndGlobalSection
EndGlobal
